// !$*UTF8*$!
{
	archiveVersion = 1;
	classes = {
	};
	objectVersion = 48;
	objects = {

/* Begin PBXBuildFile section */
		3D6655531FD7CD0F00A6737F /* AppDelegate.swift in Sources */ = {isa = PBXBuildFile; fileRef = 3D6655521FD7CD0F00A6737F /* AppDelegate.swift */; };
		3D6655551FD7CD0F00A6737F /* ViewController.swift in Sources */ = {isa = PBXBuildFile; fileRef = 3D6655541FD7CD0F00A6737F /* ViewController.swift */; };
		3D6655581FD7CD0F00A6737F /* Main.storyboard in Resources */ = {isa = PBXBuildFile; fileRef = 3D6655561FD7CD0F00A6737F /* Main.storyboard */; };
		3D66555A1FD7CD0F00A6737F /* Assets.xcassets in Resources */ = {isa = PBXBuildFile; fileRef = 3D6655591FD7CD0F00A6737F /* Assets.xcassets */; };
		3D66555D1FD7CD0F00A6737F /* LaunchScreen.storyboard in Resources */ = {isa = PBXBuildFile; fileRef = 3D66555B1FD7CD0F00A6737F /* LaunchScreen.storyboard */; };
/* End PBXBuildFile section */

/* Begin PBXFileReference section */
		3D66554F1FD7CD0F00A6737F /* manage_credit.app */ = {isa = PBXFileReference; explicitFileType = wrapper.application; includeInIndex = 0; path = manage_credit.app; sourceTree = BUILT_PRODUCTS_DIR; };
		3D6655521FD7CD0F00A6737F /* AppDelegate.swift */ = {isa = PBXFileReference; lastKnownFileType = sourcecode.swift; path = AppDelegate.swift; sourceTree = "<group>"; };
		3D6655541FD7CD0F00A6737F /* ViewController.swift */ = {isa = PBXFileReference; lastKnownFileType = sourcecode.swift; path = ViewController.swift; sourceTree = "<group>"; };
		3D6655571FD7CD0F00A6737F /* Base */ = {isa = PBXFileReference; lastKnownFileType = file.storyboard; name = Base; path = Base.lproj/Main.storyboard; sourceTree = "<group>"; };
		3D6655591FD7CD0F00A6737F /* Assets.xcassets */ = {isa = PBXFileReference; lastKnownFileType = folder.assetcatalog; path = Assets.xcassets; sourceTree = "<group>"; };
		3D66555C1FD7CD0F00A6737F /* Base */ = {isa = PBXFileReference; lastKnownFileType = file.storyboard; name = Base; path = Base.lproj/LaunchScreen.storyboard; sourceTree = "<group>"; };
		3D66555E1FD7CD0F00A6737F /* Info.plist */ = {isa = PBXFileReference; lastKnownFileType = text.plist.xml; path = Info.plist; sourceTree = "<group>"; };
/* End PBXFileReference section */

/* Begin PBXFrameworksBuildPhase section */
		3D66554C1FD7CD0F00A6737F /* Frameworks */ = {
			isa = PBXFrameworksBuildPhase;
			buildActionMask = 2147483647;
			files = (
			);
			runOnlyForDeploymentPostprocessing = 0;
		};
/* End PBXFrameworksBuildPhase section */

/* Begin PBXGroup section */
		3D6655461FD7CD0E00A6737F = {
			isa = PBXGroup;
			children = (
				3D6655511FD7CD0F00A6737F /* manage_credit */,
				3D6655501FD7CD0F00A6737F /* Products */,
			);
			sourceTree = "<group>";
		};
		3D6655501FD7CD0F00A6737F /* Products */ = {
			isa = PBXGroup;
			children = (
				3D66554F1FD7CD0F00A6737F /* manage_credit.app */,
			);
			name = Products;
			sourceTree = "<group>";
		};
		3D6655511FD7CD0F00A6737F /* manage_credit */ = {
			isa = PBXGroup;
			children = (
				3D6655521FD7CD0F00A6737F /* AppDelegate.swift */,
				3D6655541FD7CD0F00A6737F /* ViewController.swift */,
				3D6655561FD7CD0F00A6737F /* Main.storyboard */,
				3D6655591FD7CD0F00A6737F /* Assets.xcassets */,
				3D66555B1FD7CD0F00A6737F /* LaunchScreen.storyboard */,
				3D66555E1FD7CD0F00A6737F /* Info.plist */,
			);
			path = manage_credit;
			sourceTree = "<group>";
		};
/* End PBXGroup section */

/* Begin PBXNativeTarget section */
		3D66554E1FD7CD0F00A6737F /* manage_credit */ = {
			isa = PBXNativeTarget;
			buildConfigurationList = 3D6655611FD7CD0F00A6737F /* Build configuration list for PBXNativeTarget "manage_credit" */;
			buildPhases = (
				3D66554B1FD7CD0F00A6737F /* Sources */,
				3D66554C1FD7CD0F00A6737F /* Frameworks */,
				3D66554D1FD7CD0F00A6737F /* Resources */,
			);
			buildRules = (
			);
			dependencies = (
			);
			name = manage_credit;
			productName = manage_credit;
			productReference = 3D66554F1FD7CD0F00A6737F /* manage_credit.app */;
			productType = "com.apple.product-type.application";
		};
/* End PBXNativeTarget section */

/* Begin PBXProject section */
		3D6655471FD7CD0E00A6737F /* Project object */ = {
			isa = PBXProject;
			attributes = {
				LastSwiftUpdateCheck = 0910;
				LastUpgradeCheck = 0910;
				ORGANIZATIONNAME = Tomosuuu;
				TargetAttributes = {
					3D66554E1FD7CD0F00A6737F = {
						CreatedOnToolsVersion = 9.1;
						ProvisioningStyle = Automatic;
					};
				};
			};
			buildConfigurationList = 3D66554A1FD7CD0E00A6737F /* Build configuration list for PBXProject "manage_credit" */;
			compatibilityVersion = "Xcode 8.0";
			developmentRegion = en;
			hasScannedForEncodings = 0;
			knownRegions = (
				en,
				Base,
			);
			mainGroup = 3D6655461FD7CD0E00A6737F;
			productRefGroup = 3D6655501FD7CD0F00A6737F /* Products */;
			projectDirPath = "";
			projectRoot = "";
			targets = (
				3D66554E1FD7CD0F00A6737F /* manage_credit */,
			);
		};
/* End PBXProject section */

/* Begin PBXResourcesBuildPhase section */
		3D66554D1FD7CD0F00A6737F /* Resources */ = {
			isa = PBXResourcesBuildPhase;
			buildActionMask = 2147483647;
			files = (
				3D66555D1FD7CD0F00A6737F /* LaunchScreen.storyboard in Resources */,
				3D66555A1FD7CD0F00A6737F /* Assets.xcassets in Resources */,
				3D6655581FD7CD0F00A6737F /* Main.storyboard in Resources */,
			);
			runOnlyForDeploymentPostprocessing = 0;
		};
/* End PBXResourcesBuildPhase section */

/* Begin PBXSourcesBuildPhase section */
		3D66554B1FD7CD0F00A6737F /* Sources */ = {
			isa = PBXSourcesBuildPhase;
			buildActionMask = 2147483647;
			files = (
				3D6655551FD7CD0F00A6737F /* ViewController.swift in Sources */,
				3D6655531FD7CD0F00A6737F /* AppDelegate.swift in Sources */,
			);
			runOnlyForDeploymentPostprocessing = 0;
		};
/* End PBXSourcesBuildPhase section */

/* Begin PBXVariantGroup section */
		3D6655561FD7CD0F00A6737F /* Main.storyboard */ = {
			isa = PBXVariantGroup;
			children = (
				3D6655571FD7CD0F00A6737F /* Base */,
			);
			name = Main.storyboard;
			sourceTree = "<group>";
		};
		3D66555B1FD7CD0F00A6737F /* LaunchScreen.storyboard */ = {
			isa = PBXVariantGroup;
			children = (
				3D66555C1FD7CD0F00A6737F /* Base */,
			);
			name = LaunchScreen.storyboard;
			sourceTree = "<group>";
		};
/* End PBXVariantGroup section */

/* Begin XCBuildConfiguration section */
		3D66555F1FD7CD0F00A6737F /* Debug */ = {
			isa = XCBuildConfiguration;
			buildSettings = {
				ALWAYS_SEARCH_USER_PATHS = NO;
				CLANG_ANALYZER_NONNULL = YES;
				CLANG_ANALYZER_NUMBER_OBJECT_CONVERSION = YES_AGGRESSIVE;
				CLANG_CXX_LANGUAGE_STANDARD = "gnu++14";
				CLANG_CXX_LIBRARY = "libc++";
				CLANG_ENABLE_MODULES = YES;
				CLANG_ENABLE_OBJC_ARC = YES;
				CLANG_WARN_BLOCK_CAPTURE_AUTORELEASING = YES;
				CLANG_WARN_BOOL_CONVERSION = YES;
				CLANG_WARN_COMMA = YES;
				CLANG_WARN_CONSTANT_CONVERSION = YES;
				CLANG_WARN_DIRECT_OBJC_ISA_USAGE = YES_ERROR;
				CLANG_WARN_DOCUMENTATION_COMMENTS = YES;
				CLANG_WARN_EMPTY_BODY = YES;
				CLANG_WARN_ENUM_CONVERSION = YES;
				CLANG_WARN_INFINITE_RECURSION = YES;
				CLANG_WARN_INT_CONVERSION = YES;
				CLANG_WARN_NON_LITERAL_NULL_CONVERSION = YES;
				CLANG_WARN_OBJC_LITERAL_CONVERSION = YES;
				CLANG_WARN_OBJC_ROOT_CLASS = YES_ERROR;
				CLANG_WARN_RANGE_LOOP_ANALYSIS = YES;
				CLANG_WARN_STRICT_PROTOTYPES = YES;
				CLANG_WARN_SUSPICIOUS_MOVE = YES;
				CLANG_WARN_UNGUARDED_AVAILABILITY = YES_AGGRESSIVE;
				CLANG_WARN_UNREACHABLE_CODE = YES;
				CLANG_WARN__DUPLICATE_METHOD_MATCH = YES;
				CODE_SIGN_IDENTITY = "iPhone Developer";
				COPY_PHASE_STRIP = NO;
				DEBUG_INFORMATION_FORMAT = dwarf;
				ENABLE_STRICT_OBJC_MSGSEND = YES;
				ENABLE_TESTABILITY = YES;
				GCC_C_LANGUAGE_STANDARD = gnu11;
				GCC_DYNAMIC_NO_PIC = NO;
				GCC_NO_COMMON_BLOCKS = YES;
				GCC_OPTIMIZATION_LEVEL = 0;
				GCC_PREPROCESSOR_DEFINITIONS = (
					"DEBUG=1",
					"$(inherited)",
				);
				GCC_WARN_64_TO_32_BIT_CONVERSION = YES;
				GCC_WARN_ABOUT_RETURN_TYPE = YES_ERROR;
				GCC_WARN_UNDECLARED_SELECTOR = YES;
				GCC_WARN_UNINITIALIZED_AUTOS = YES_AGGRESSIVE;
				GCC_WARN_UNUSED_FUNCTION = YES;
				GCC_WARN_UNUSED_VARIABLE = YES;
				IPHONEOS_DEPLOYMENT_TARGET = 11.1;
				MTL_ENABLE_DEBUG_INFO = YES;
				ONLY_ACTIVE_ARCH = YES;
				SDKROOT = iphoneos;
				SWIFT_ACTIVE_COMPILATION_CONDITIONS = DEBUG;
				SWIFT_OPTIMIZATION_LEVEL = "-Onone";
			};
			name = Debug;
		};
		3D6655601FD7CD0F00A6737F /* Release */ = {
			isa = XCBuildConfiguration;
			buildSettings = {
				ALWAYS_SEARCH_USER_PATHS = NO;
				CLANG_ANALYZER_NONNULL = YES;
				CLANG_ANALYZER_NUMBER_OBJECT_CONVERSION = YES_AGGRESSIVE;
				CLANG_CXX_LANGUAGE_STANDARD = "gnu++14";
				CLANG_CXX_LIBRARY = "libc++";
				CLANG_ENABLE_MODULES = YES;
				CLANG_ENABLE_OBJC_ARC = YES;
				CLANG_WARN_BLOCK_CAPTURE_AUTORELEASING = YES;
				CLANG_WARN_BOOL_CONVERSION = YES;
				CLANG_WARN_COMMA = YES;
				CLANG_WARN_CONSTANT_CONVERSION = YES;
				CLANG_WARN_DIRECT_OBJC_ISA_USAGE = YES_ERROR;
				CLANG_WARN_DOCUMENTATION_COMMENTS = YES;
				CLANG_WARN_EMPTY_BODY = YES;
				CLANG_WARN_ENUM_CONVERSION = YES;
				CLANG_WARN_INFINITE_RECURSION = YES;
				CLANG_WARN_INT_CONVERSION = YES;
				CLANG_WARN_NON_LITERAL_NULL_CONVERSION = YES;
				CLANG_WARN_OBJC_LITERAL_CONVERSION = YES;
				CLANG_WARN_OBJC_ROOT_CLASS = YES_ERROR;
				CLANG_WARN_RANGE_LOOP_ANALYSIS = YES;
				CLANG_WARN_STRICT_PROTOTYPES = YES;
				CLANG_WARN_SUSPICIOUS_MOVE = YES;
				CLANG_WARN_UNGUARDED_AVAILABILITY = YES_AGGRESSIVE;
				CLANG_WARN_UNREACHABLE_CODE = YES;
				CLANG_WARN__DUPLICATE_METHOD_MATCH = YES;
				CODE_SIGN_IDENTITY = "iPhone Developer";
				COPY_PHASE_STRIP = NO;
				DEBUG_INFORMATION_FORMAT = "dwarf-with-dsym";
				ENABLE_NS_ASSERTIONS = NO;
				ENABLE_STRICT_OBJC_MSGSEND = YES;
				GCC_C_LANGUAGE_STANDARD = gnu11;
				GCC_NO_COMMON_BLOCKS = YES;
				GCC_WARN_64_TO_32_BIT_CONVERSION = YES;
				GCC_WARN_ABOUT_RETURN_TYPE = YES_ERROR;
				GCC_WARN_UNDECLARED_SELECTOR = YES;
				GCC_WARN_UNINITIALIZED_AUTOS = YES_AGGRESSIVE;
				GCC_WARN_UNUSED_FUNCTION = YES;
				GCC_WARN_UNUSED_VARIABLE = YES;
				IPHONEOS_DEPLOYMENT_TARGET = 11.1;
				MTL_ENABLE_DEBUG_INFO = NO;
				SDKROOT = iphoneos;
				SWIFT_OPTIMIZATION_LEVEL = "-Owholemodule";
				VALIDATE_PRODUCT = YES;
			};
			name = Release;
		};
		3D6655621FD7CD0F00A6737F /* Debug */ = {
			isa = XCBuildConfiguration;
			buildSettings = {
				ASSETCATALOG_COMPILER_APPICON_NAME = AppIcon;
				CODE_SIGN_STYLE = Automatic;
				DEVELOPMENT_TEAM = 3R6E95S92K;
				INFOPLIST_FILE = manage_credit/Info.plist;
				LD_RUNPATH_SEARCH_PATHS = "$(inherited) @executable_path/Frameworks";
				PRODUCT_BUNDLE_IDENTIFIER = "jp.softbank.i.111-taiyo.tomotomo.manage-credit";
				PRODUCT_NAME = "$(TARGET_NAME)";
				SWIFT_VERSION = 4.0;
				TARGETED_DEVICE_FAMILY = "1,2";
			};
			name = Debug;
		};
		3D6655631FD7CD0F00A6737F /* Release */ = {
			isa = XCBuildConfiguration;
			buildSettings = {
				ASSETCATALOG_COMPILER_APPICON_NAME = AppIcon;
				CODE_SIGN_STYLE = Automatic;
				DEVELOPMENT_TEAM = 3R6E95S92K;
				INFOPLIST_FILE = manage_credit/Info.plist;
				LD_RUNPATH_SEARCH_PATHS = "$(inherited) @executable_path/Frameworks";
				PRODUCT_BUNDLE_IDENTIFIER = "jp.softbank.i.111-taiyo.tomotomo.manage-credit";
				PRODUCT_NAME = "$(TARGET_NAME)";
				SWIFT_VERSION = 4.0;
				TARGETED_DEVICE_FAMILY = "1,2";
			};
			name = Release;
		};
/* End XCBuildConfiguration section */

/* Begin XCConfigurationList section */
		3D66554A1FD7CD0E00A6737F /* Build configuration list for PBXProject "manage_credit" */ = {
			isa = XCConfigurationList;
			buildConfigurations = (
				3D66555F1FD7CD0F00A6737F /* Debug */,
				3D6655601FD7CD0F00A6737F /* Release */,
			);
			defaultConfigurationIsVisible = 0;
			defaultConfigurationName = Release;
		};
		3D6655611FD7CD0F00A6737F /* Build configuration list for PBXNativeTarget "manage_credit" */ = {
			isa = XCConfigurationList;
			buildConfigurations = (
				3D6655621FD7CD0F00A6737F /* Debug */,
				3D6655631FD7CD0F00A6737F /* Release */,
			);
			defaultConfigurationIsVisible = 0;
			defaultConfigurationName = Release;
		};
/* End XCConfigurationList section */
	};
	rootObject = 3D6655471FD7CD0E00A6737F /* Project object */;
}
